
Microsoft Visual Studio Solution File, Format Version 12.00
# Visual Studio Version 16
VisualStudioVersion = 16.0.28922.388
MinimumVisualStudioVersion = 10.0.40219.1
Project("{FAE04EC0-301F-11D3-BF4B-00C04F79EFBC}") = "PushTestApp.UWP", "PushTestApp\PushTestApp.UWP\PushTestApp.UWP.csproj", "{D595B853-4E54-4D1C-A8AE-4589DE57764B}"
EndProject
Project("{FAE04EC0-301F-11D3-BF4B-00C04F79EFBC}") = "PushTestApp.Android", "PushTestApp\PushTestApp.Android\PushTestApp.Android.csproj", "{8880A426-4B16-4537-81A0-46F8226FD88C}"
EndProject
Project("{FAE04EC0-301F-11D3-BF4B-00C04F79EFBC}") = "PushTestApp.iOS", "PushTestApp\PushTestApp.iOS\PushTestApp.iOS.csproj", "{BAE560CB-0CA3-439E-B0AD-54639B8AAF59}"
EndProject
Project("{9A19103F-16F7-4668-BE54-9A1E7A4F7556}") = "PushTestApp", "PushTestApp\PushTestApp\PushTestApp.csproj", "{596DE7A5-DBC7-47B0-B4CE-53AFE485D512}"
EndProject
Project("{9A19103F-16F7-4668-BE54-9A1E7A4F7556}") = "PushTest.Dto", "..\..\PushApiService\PushTest.Dto\PushTest.Dto.csproj", "{690494C9-B172-4591-9114-D4082D4B0407}"
EndProject
Global
	GlobalSection(SolutionConfigurationPlatforms) = preSolution
		Debug|Any CPU = Debug|Any CPU
		Debug|ARM = Debug|ARM
		Debug|iPhone = Debug|iPhone
		Debug|iPhoneSimulator = Debug|iPhoneSimulator
		Debug|x64 = Debug|x64
		Debug|x86 = Debug|x86
		Release|Any CPU = Release|Any CPU
		Release|ARM = Release|ARM
		Release|iPhone = Release|iPhone
		Release|iPhoneSimulator = Release|iPhoneSimulator
		Release|x64 = Release|x64
		Release|x86 = Release|x86
	EndGlobalSection
	GlobalSection(ProjectConfigurationPlatforms) = postSolution
		{D595B853-4E54-4D1C-A8AE-4589DE57764B}.Debug|Any CPU.ActiveCfg = Debug|x86
		{D595B853-4E54-4D1C-A8AE-4589DE57764B}.Debug|Any CPU.Build.0 = Debug|x86
		{D595B853-4E54-4D1C-A8AE-4589DE57764B}.Debug|Any CPU.Deploy.0 = Debug|x86
		{D595B853-4E54-4D1C-A8AE-4589DE57764B}.Debug|ARM.ActiveCfg = Debug|ARM
		{D595B853-4E54-4D1C-A8AE-4589DE57764B}.Debug|ARM.Build.0 = Debug|ARM
		{D595B853-4E54-4D1C-A8AE-4589DE57764B}.Debug|ARM.Deploy.0 = Debug|ARM
		{D595B853-4E54-4D1C-A8AE-4589DE57764B}.Debug|iPhone.ActiveCfg = Debug|x86
		{D595B853-4E54-4D1C-A8AE-4589DE57764B}.Debug|iPhone.Build.0 = Debug|x86
		{D595B853-4E54-4D1C-A8AE-4589DE57764B}.Debug|iPhone.Deploy.0 = Debug|x86
		{D595B853-4E54-4D1C-A8AE-4589DE57764B}.Debug|iPhoneSimulator.ActiveCfg = Debug|x86
		{D595B853-4E54-4D1C-A8AE-4589DE57764B}.Debug|iPhoneSimulator.Build.0 = Debug|x86
		{D595B853-4E54-4D1C-A8AE-4589DE57764B}.Debug|iPhoneSimulator.Deploy.0 = Debug|x86
		{D595B853-4E54-4D1C-A8AE-4589DE57764B}.Debug|x64.ActiveCfg = Debug|x64
		{D595B853-4E54-4D1C-A8AE-4589DE57764B}.Debug|x64.Build.0 = Debug|x64
		{D595B853-4E54-4D1C-A8AE-4589DE57764B}.Debug|x64.Deploy.0 = Debug|x64
		{D595B853-4E54-4D1C-A8AE-4589DE57764B}.Debug|x86.ActiveCfg = Debug|x86
		{D595B853-4E54-4D1C-A8AE-4589DE57764B}.Debug|x86.Build.0 = Debug|x86
		{D595B853-4E54-4D1C-A8AE-4589DE57764B}.Debug|x86.Deploy.0 = Debug|x86
		{D595B853-4E54-4D1C-A8AE-4589DE57764B}.Release|Any CPU.ActiveCfg = Release|x86
		{D595B853-4E54-4D1C-A8AE-4589DE57764B}.Release|Any CPU.Build.0 = Release|x86
		{D595B853-4E54-4D1C-A8AE-4589DE57764B}.Release|Any CPU.Deploy.0 = Release|x86
		{D595B853-4E54-4D1C-A8AE-4589DE57764B}.Release|ARM.ActiveCfg = Release|ARM
		{D595B853-4E54-4D1C-A8AE-4589DE57764B}.Release|ARM.Build.0 = Release|ARM
		{D595B853-4E54-4D1C-A8AE-4589DE57764B}.Release|ARM.Deploy.0 = Release|ARM
		{D595B853-4E54-4D1C-A8AE-4589DE57764B}.Release|iPhone.ActiveCfg = Release|x86
		{D595B853-4E54-4D1C-A8AE-4589DE57764B}.Release|iPhone.Build.0 = Release|x86
		{D595B853-4E54-4D1C-A8AE-4589DE57764B}.Release|iPhone.Deploy.0 = Release|x86
		{D595B853-4E54-4D1C-A8AE-4589DE57764B}.Release|iPhoneSimulator.ActiveCfg = Release|x86
		{D595B853-4E54-4D1C-A8AE-4589DE57764B}.Release|iPhoneSimulator.Build.0 = Release|x86
		{D595B853-4E54-4D1C-A8AE-4589DE57764B}.Release|iPhoneSimulator.Deploy.0 = Release|x86
		{D595B853-4E54-4D1C-A8AE-4589DE57764B}.Release|x64.ActiveCfg = Release|x64
		{D595B853-4E54-4D1C-A8AE-4589DE57764B}.Release|x64.Build.0 = Release|x64
		{D595B853-4E54-4D1C-A8AE-4589DE57764B}.Release|x64.Deploy.0 = Release|x64
		{D595B853-4E54-4D1C-A8AE-4589DE57764B}.Release|x86.ActiveCfg = Release|x86
		{D595B853-4E54-4D1C-A8AE-4589DE57764B}.Release|x86.Build.0 = Release|x86
		{D595B853-4E54-4D1C-A8AE-4589DE57764B}.Release|x86.Deploy.0 = Release|x86
		{8880A426-4B16-4537-81A0-46F8226FD88C}.Debug|Any CPU.ActiveCfg = Debug|Any CPU
		{8880A426-4B16-4537-81A0-46F8226FD88C}.Debug|Any CPU.Build.0 = Debug|Any CPU
		{8880A426-4B16-4537-81A0-46F8226FD88C}.Debug|Any CPU.Deploy.0 = Debug|Any CPU
		{8880A426-4B16-4537-81A0-46F8226FD88C}.Debug|ARM.ActiveCfg = Debug|Any CPU
		{8880A426-4B16-4537-81A0-46F8226FD88C}.Debug|ARM.Build.0 = Debug|Any CPU
		{8880A426-4B16-4537-81A0-46F8226FD88C}.Debug|ARM.Deploy.0 = Debug|Any CPU
		{8880A426-4B16-4537-81A0-46F8226FD88C}.Debug|iPhone.ActiveCfg = Debug|Any CPU
		{8880A426-4B16-4537-81A0-46F8226FD88C}.Debug|iPhone.Build.0 = Debug|Any CPU
		{8880A426-4B16-4537-81A0-46F8226FD88C}.Debug|iPhone.Deploy.0 = Debug|Any CPU
		{8880A426-4B16-4537-81A0-46F8226FD88C}.Debug|iPhoneSimulator.ActiveCfg = Debug|Any CPU
		{8880A426-4B16-4537-81A0-46F8226FD88C}.Debug|iPhoneSimulator.Build.0 = Debug|Any CPU
		{8880A426-4B16-4537-81A0-46F8226FD88C}.Debug|iPhoneSimulator.Deploy.0 = Debug|Any CPU
		{8880A426-4B16-4537-81A0-46F8226FD88C}.Debug|x64.ActiveCfg = Debug|Any CPU
		{8880A426-4B16-4537-81A0-46F8226FD88C}.Debug|x64.Build.0 = Debug|Any CPU
		{8880A426-4B16-4537-81A0-46F8226FD88C}.Debug|x64.Deploy.0 = Debug|Any CPU
		{8880A426-4B16-4537-81A0-46F8226FD88C}.Debug|x86.ActiveCfg = Debug|Any CPU
		{8880A426-4B16-4537-81A0-46F8226FD88C}.Debug|x86.Build.0 = Debug|Any CPU
		{8880A426-4B16-4537-81A0-46F8226FD88C}.Debug|x86.Deploy.0 = Debug|Any CPU
		{8880A426-4B16-4537-81A0-46F8226FD88C}.Release|Any CPU.ActiveCfg = Release|Any CPU
		{8880A426-4B16-4537-81A0-46F8226FD88C}.Release|Any CPU.Build.0 = Release|Any CPU
		{8880A426-4B16-4537-81A0-46F8226FD88C}.Release|Any CPU.Deploy.0 = Release|Any CPU
		{8880A426-4B16-4537-81A0-46F8226FD88C}.Release|ARM.ActiveCfg = Release|Any CPU
		{8880A426-4B16-4537-81A0-46F8226FD88C}.Release|ARM.Build.0 = Release|Any CPU
		{8880A426-4B16-4537-81A0-46F8226FD88C}.Release|ARM.Deploy.0 = Release|Any CPU
		{8880A426-4B16-4537-81A0-46F8226FD88C}.Release|iPhone.ActiveCfg = Release|Any CPU
		{8880A426-4B16-4537-81A0-46F8226FD88C}.Release|iPhone.Build.0 = Release|Any CPU
		{8880A426-4B16-4537-81A0-46F8226FD88C}.Release|iPhone.Deploy.0 = Release|Any CPU
		{8880A426-4B16-4537-81A0-46F8226FD88C}.Release|iPhoneSimulator.ActiveCfg = Release|Any CPU
		{8880A426-4B16-4537-81A0-46F8226FD88C}.Release|iPhoneSimulator.Build.0 = Release|Any CPU
		{8880A426-4B16-4537-81A0-46F8226FD88C}.Release|iPhoneSimulator.Deploy.0 = Release|Any CPU
		{8880A426-4B16-4537-81A0-46F8226FD88C}.Release|x64.ActiveCfg = Release|Any CPU
		{8880A426-4B16-4537-81A0-46F8226FD88C}.Release|x64.Build.0 = Release|Any CPU
		{8880A426-4B16-4537-81A0-46F8226FD88C}.Release|x64.Deploy.0 = Release|Any CPU
		{8880A426-4B16-4537-81A0-46F8226FD88C}.Release|x86.ActiveCfg = Release|Any CPU
		{8880A426-4B16-4537-81A0-46F8226FD88C}.Release|x86.Build.0 = Release|Any CPU
		{8880A426-4B16-4537-81A0-46F8226FD88C}.Release|x86.Deploy.0 = Release|Any CPU
		{BAE560CB-0CA3-439E-B0AD-54639B8AAF59}.Debug|Any CPU.ActiveCfg = Debug|iPhone
		{BAE560CB-0CA3-439E-B0AD-54639B8AAF59}.Debug|Any CPU.Build.0 = Debug|iPhone
		{BAE560CB-0CA3-439E-B0AD-54639B8AAF59}.Debug|Any CPU.Deploy.0 = Debug|iPhone
		{BAE560CB-0CA3-439E-B0AD-54639B8AAF59}.Debug|ARM.ActiveCfg = Debug|iPhoneSimulator
		{BAE560CB-0CA3-439E-B0AD-54639B8AAF59}.Debug|ARM.Build.0 = Debug|iPhoneSimulator
		{BAE560CB-0CA3-439E-B0AD-54639B8AAF59}.Debug|ARM.Deploy.0 = Debug|iPhoneSimulator
		{BAE560CB-0CA3-439E-B0AD-54639B8AAF59}.Debug|iPhone.ActiveCfg = Debug|iPhone
		{BAE560CB-0CA3-439E-B0AD-54639B8AAF59}.Debug|iPhone.Build.0 = Debug|iPhone
		{BAE560CB-0CA3-439E-B0AD-54639B8AAF59}.Debug|iPhone.Deploy.0 = Debug|iPhone
		{BAE560CB-0CA3-439E-B0AD-54639B8AAF59}.Debug|iPhoneSimulator.ActiveCfg = Debug|iPhoneSimulator
		{BAE560CB-0CA3-439E-B0AD-54639B8AAF59}.Debug|iPhoneSimulator.Build.0 = Debug|iPhoneSimulator
		{BAE560CB-0CA3-439E-B0AD-54639B8AAF59}.Debug|iPhoneSimulator.Deploy.0 = Debug|iPhoneSimulator
		{BAE560CB-0CA3-439E-B0AD-54639B8AAF59}.Debug|x64.ActiveCfg = Debug|iPhone
		{BAE560CB-0CA3-439E-B0AD-54639B8AAF59}.Debug|x64.Build.0 = Debug|iPhone
		{BAE560CB-0CA3-439E-B0AD-54639B8AAF59}.Debug|x64.Deploy.0 = Debug|iPhone
		{BAE560CB-0CA3-439E-B0AD-54639B8AAF59}.Debug|x86.ActiveCfg = Debug|iPhone
		{BAE560CB-0CA3-439E-B0AD-54639B8AAF59}.Debug|x86.Build.0 = Debug|iPhone
		{BAE560CB-0CA3-439E-B0AD-54639B8AAF59}.Debug|x86.Deploy.0 = Debug|iPhone
		{BAE560CB-0CA3-439E-B0AD-54639B8AAF59}.Release|Any CPU.ActiveCfg = Release|iPhone
		{BAE560CB-0CA3-439E-B0AD-54639B8AAF59}.Release|Any CPU.Build.0 = Release|iPhone
		{BAE560CB-0CA3-439E-B0AD-54639B8AAF59}.Release|Any CPU.Deploy.0 = Release|iPhone
		{BAE560CB-0CA3-439E-B0AD-54639B8AAF59}.Release|ARM.ActiveCfg = Release|iPhone
		{BAE560CB-0CA3-439E-B0AD-54639B8AAF59}.Release|ARM.Build.0 = Release|iPhone
		{BAE560CB-0CA3-439E-B0AD-54639B8AAF59}.Release|ARM.Deploy.0 = Release|iPhone
		{BAE560CB-0CA3-439E-B0AD-54639B8AAF59}.Release|iPhone.ActiveCfg = Release|iPhone
		{BAE560CB-0CA3-439E-B0AD-54639B8AAF59}.Release|iPhone.Build.0 = Release|iPhone
		{BAE560CB-0CA3-439E-B0AD-54639B8AAF59}.Release|iPhone.Deploy.0 = Release|iPhone
		{BAE560CB-0CA3-439E-B0AD-54639B8AAF59}.Release|iPhoneSimulator.ActiveCfg = Release|iPhoneSimulator
		{BAE560CB-0CA3-439E-B0AD-54639B8AAF59}.Release|iPhoneSimulator.Build.0 = Release|iPhoneSimulator
		{BAE560CB-0CA3-439E-B0AD-54639B8AAF59}.Release|iPhoneSimulator.Deploy.0 = Release|iPhoneSimulator
		{BAE560CB-0CA3-439E-B0AD-54639B8AAF59}.Release|x64.ActiveCfg = Release|iPhone
		{BAE560CB-0CA3-439E-B0AD-54639B8AAF59}.Release|x64.Build.0 = Release|iPhone
		{BAE560CB-0CA3-439E-B0AD-54639B8AAF59}.Release|x64.Deploy.0 = Release|iPhone
		{BAE560CB-0CA3-439E-B0AD-54639B8AAF59}.Release|x86.ActiveCfg = Release|iPhone
		{BAE560CB-0CA3-439E-B0AD-54639B8AAF59}.Release|x86.Build.0 = Release|iPhone
		{BAE560CB-0CA3-439E-B0AD-54639B8AAF59}.Release|x86.Deploy.0 = Release|iPhone
		{596DE7A5-DBC7-47B0-B4CE-53AFE485D512}.Debug|Any CPU.ActiveCfg = Debug|Any CPU
		{596DE7A5-DBC7-47B0-B4CE-53AFE485D512}.Debug|Any CPU.Build.0 = Debug|Any CPU
		{596DE7A5-DBC7-47B0-B4CE-53AFE485D512}.Debug|Any CPU.Deploy.0 = Debug|Any CPU
		{596DE7A5-DBC7-47B0-B4CE-53AFE485D512}.Debug|ARM.ActiveCfg = Debug|Any CPU
		{596DE7A5-DBC7-47B0-B4CE-53AFE485D512}.Debug|ARM.Build.0 = Debug|Any CPU
		{596DE7A5-DBC7-47B0-B4CE-53AFE485D512}.Debug|ARM.Deploy.0 = Debug|Any CPU
		{596DE7A5-DBC7-47B0-B4CE-53AFE485D512}.Debug|iPhone.ActiveCfg = Debug|Any CPU
		{596DE7A5-DBC7-47B0-B4CE-53AFE485D512}.Debug|iPhone.Build.0 = Debug|Any CPU
		{596DE7A5-DBC7-47B0-B4CE-53AFE485D512}.Debug|iPhone.Deploy.0 = Debug|Any CPU
		{596DE7A5-DBC7-47B0-B4CE-53AFE485D512}.Debug|iPhoneSimulator.ActiveCfg = Debug|Any CPU
		{596DE7A5-DBC7-47B0-B4CE-53AFE485D512}.Debug|iPhoneSimulator.Build.0 = Debug|Any CPU
		{596DE7A5-DBC7-47B0-B4CE-53AFE485D512}.Debug|iPhoneSimulator.Deploy.0 = Debug|Any CPU
		{596DE7A5-DBC7-47B0-B4CE-53AFE485D512}.Debug|x64.ActiveCfg = Debug|Any CPU
		{596DE7A5-DBC7-47B0-B4CE-53AFE485D512}.Debug|x64.Build.0 = Debug|Any CPU
		{596DE7A5-DBC7-47B0-B4CE-53AFE485D512}.Debug|x64.Deploy.0 = Debug|Any CPU
		{596DE7A5-DBC7-47B0-B4CE-53AFE485D512}.Debug|x86.ActiveCfg = Debug|Any CPU
		{596DE7A5-DBC7-47B0-B4CE-53AFE485D512}.Debug|x86.Build.0 = Debug|Any CPU
		{596DE7A5-DBC7-47B0-B4CE-53AFE485D512}.Debug|x86.Deploy.0 = Debug|Any CPU
		{596DE7A5-DBC7-47B0-B4CE-53AFE485D512}.Release|Any CPU.ActiveCfg = Release|Any CPU
		{596DE7A5-DBC7-47B0-B4CE-53AFE485D512}.Release|Any CPU.Build.0 = Release|Any CPU
		{596DE7A5-DBC7-47B0-B4CE-53AFE485D512}.Release|Any CPU.Deploy.0 = Release|Any CPU
		{596DE7A5-DBC7-47B0-B4CE-53AFE485D512}.Release|ARM.ActiveCfg = Release|Any CPU
		{596DE7A5-DBC7-47B0-B4CE-53AFE485D512}.Release|ARM.Build.0 = Release|Any CPU
		{596DE7A5-DBC7-47B0-B4CE-53AFE485D512}.Release|ARM.Deploy.0 = Release|Any CPU
		{596DE7A5-DBC7-47B0-B4CE-53AFE485D512}.Release|iPhone.ActiveCfg = Release|Any CPU
		{596DE7A5-DBC7-47B0-B4CE-53AFE485D512}.Release|iPhone.Build.0 = Release|Any CPU
		{596DE7A5-DBC7-47B0-B4CE-53AFE485D512}.Release|iPhone.Deploy.0 = Release|Any CPU
		{596DE7A5-DBC7-47B0-B4CE-53AFE485D512}.Release|iPhoneSimulator.ActiveCfg = Release|Any CPU
		{596DE7A5-DBC7-47B0-B4CE-53AFE485D512}.Release|iPhoneSimulator.Build.0 = Release|Any CPU
		{596DE7A5-DBC7-47B0-B4CE-53AFE485D512}.Release|iPhoneSimulator.Deploy.0 = Release|Any CPU
		{596DE7A5-DBC7-47B0-B4CE-53AFE485D512}.Release|x64.ActiveCfg = Release|Any CPU
		{596DE7A5-DBC7-47B0-B4CE-53AFE485D512}.Release|x64.Build.0 = Release|Any CPU
		{596DE7A5-DBC7-47B0-B4CE-53AFE485D512}.Release|x64.Deploy.0 = Release|Any CPU
		{596DE7A5-DBC7-47B0-B4CE-53AFE485D512}.Release|x86.ActiveCfg = Release|Any CPU
		{596DE7A5-DBC7-47B0-B4CE-53AFE485D512}.Release|x86.Build.0 = Release|Any CPU
		{596DE7A5-DBC7-47B0-B4CE-53AFE485D512}.Release|x86.Deploy.0 = Release|Any CPU
		{690494C9-B172-4591-9114-D4082D4B0407}.Debug|Any CPU.ActiveCfg = Debug|Any CPU
		{690494C9-B172-4591-9114-D4082D4B0407}.Debug|Any CPU.Build.0 = Debug|Any CPU
		{690494C9-B172-4591-9114-D4082D4B0407}.Debug|ARM.ActiveCfg = Debug|Any CPU
		{690494C9-B172-4591-9114-D4082D4B0407}.Debug|ARM.Build.0 = Debug|Any CPU
		{690494C9-B172-4591-9114-D4082D4B0407}.Debug|iPhone.ActiveCfg = Debug|Any CPU
		{690494C9-B172-4591-9114-D4082D4B0407}.Debug|iPhone.Build.0 = Debug|Any CPU
		{690494C9-B172-4591-9114-D4082D4B0407}.Debug|iPhoneSimulator.ActiveCfg = Debug|Any CPU
		{690494C9-B172-4591-9114-D4082D4B0407}.Debug|iPhoneSimulator.Build.0 = Debug|Any CPU
		{690494C9-B172-4591-9114-D4082D4B0407}.Debug|x64.ActiveCfg = Debug|Any CPU
		{690494C9-B172-4591-9114-D4082D4B0407}.Debug|x64.Build.0 = Debug|Any CPU
		{690494C9-B172-4591-9114-D4082D4B0407}.Debug|x86.ActiveCfg = Debug|Any CPU
		{690494C9-B172-4591-9114-D4082D4B0407}.Debug|x86.Build.0 = Debug|Any CPU
		{690494C9-B172-4591-9114-D4082D4B0407}.Release|Any CPU.ActiveCfg = Release|Any CPU
		{690494C9-B172-4591-9114-D4082D4B0407}.Release|Any CPU.Build.0 = Release|Any CPU
		{690494C9-B172-4591-9114-D4082D4B0407}.Release|ARM.ActiveCfg = Release|Any CPU
		{690494C9-B172-4591-9114-D4082D4B0407}.Release|ARM.Build.0 = Release|Any CPU
		{690494C9-B172-4591-9114-D4082D4B0407}.Release|iPhone.ActiveCfg = Release|Any CPU
		{690494C9-B172-4591-9114-D4082D4B0407}.Release|iPhone.Build.0 = Release|Any CPU
		{690494C9-B172-4591-9114-D4082D4B0407}.Release|iPhoneSimulator.ActiveCfg = Release|Any CPU
		{690494C9-B172-4591-9114-D4082D4B0407}.Release|iPhoneSimulator.Build.0 = Release|Any CPU
		{690494C9-B172-4591-9114-D4082D4B0407}.Release|x64.ActiveCfg = Release|Any CPU
		{690494C9-B172-4591-9114-D4082D4B0407}.Release|x64.Build.0 = Release|Any CPU
		{690494C9-B172-4591-9114-D4082D4B0407}.Release|x86.ActiveCfg = Release|Any CPU
		{690494C9-B172-4591-9114-D4082D4B0407}.Release|x86.Build.0 = Release|Any CPU
	EndGlobalSection
	GlobalSection(SolutionProperties) = preSolution
		HideSolutionNode = FALSE
	EndGlobalSection
	GlobalSection(ExtensibilityGlobals) = postSolution
		SolutionGuid = {DFBCDB31-502A-43C8-87A5-78BA3C5A7A14}
	EndGlobalSection
EndGlobal
